
Microsoft Visual Studio Solution File, Format Version 12.00
# Visual Studio Version 16
VisualStudioVersion = 16.0.31702.278
MinimumVisualStudioVersion = 10.0.40219.1
Project("{FAE04EC0-301F-11D3-BF4B-00C04F79EFBC}") = "WinFormsApp1", "WinFormsApp1\WinFormsApp1.csproj", "{370632AD-4748-4BA1-88E2-3BCF90AA4629}"
EndProject
Global
	GlobalSection(SolutionConfigurationPlatforms) = preSolution
		Debug|Any CPU = Debug|Any CPU
		Release|Any CPU = Release|Any CPU
	EndGlobalSection
	GlobalSection(ProjectConfigurationPlatforms) = postSolution
		{370632AD-4748-4BA1-88E2-3BCF90AA4629}.Debug|Any CPU.ActiveCfg = Debug|Any CPU
		{370632AD-4748-4BA1-88E2-3BCF90AA4629}.Debug|Any CPU.Build.0 = Debug|Any CPU
		{370632AD-4748-4BA1-88E2-3BCF90AA4629}.Release|Any CPU.ActiveCfg = Release|Any CPU
		{370632AD-4748-4BA1-88E2-3BCF90AA4629}.Release|Any CPU.Build.0 = Release|Any CPU
	EndGlobalSection
	GlobalSection(SolutionProperties) = preSolution
		HideSolutionNode = FALSE
	EndGlobalSection
	GlobalSection(ExtensibilityGlobals) = postSolution
		SolutionGuid = {48E20137-8D27-4DF6-91F9-99CF9F097475}
	EndGlobalSection
EndGlobal
